
Microsoft Visual Studio Solution File, Format Version 12.00
# Visual Studio Version 17
VisualStudioVersion = 17.3.32929.385
MinimumVisualStudioVersion = 10.0.40219.1
Project("{FAE04EC0-301F-11D3-BF4B-00C04F79EFBC}") = "Övningsuppgifter", "Övningsuppgifter\Övningsuppgifter.csproj", "{01E65BE1-BEEE-44D5-B1C2-0EBAE41706BB}"
EndProject
Global
	GlobalSection(SolutionConfigurationPlatforms) = preSolution
		Debug|Any CPU = Debug|Any CPU
		Release|Any CPU = Release|Any CPU
	EndGlobalSection
	GlobalSection(ProjectConfigurationPlatforms) = postSolution
		{01E65BE1-BEEE-44D5-B1C2-0EBAE41706BB}.Debug|Any CPU.ActiveCfg = Debug|Any CPU
		{01E65BE1-BEEE-44D5-B1C2-0EBAE41706BB}.Debug|Any CPU.Build.0 = Debug|Any CPU
		{01E65BE1-BEEE-44D5-B1C2-0EBAE41706BB}.Release|Any CPU.ActiveCfg = Release|Any CPU
		{01E65BE1-BEEE-44D5-B1C2-0EBAE41706BB}.Release|Any CPU.Build.0 = Release|Any CPU
	EndGlobalSection
	GlobalSection(SolutionProperties) = preSolution
		HideSolutionNode = FALSE
	EndGlobalSection
	GlobalSection(ExtensibilityGlobals) = postSolution
		SolutionGuid = {2D4625D9-497D-4BA7-A730-1E46A84F54B6}
	EndGlobalSection
EndGlobal
